
Microsoft Visual Studio Solution File, Format Version 12.00
# Visual Studio 15
VisualStudioVersion = 15.0.28010.2003
MinimumVisualStudioVersion = 10.0.40219.1
Project("{FAE04EC0-301F-11D3-BF4B-00C04F79EFBC}") = "MVVM_exam", "MVVM_exam\MVVM_exam.csproj", "{9E63DDF0-046F-476B-A78B-E0BD895AEE56}"
EndProject
Project("{FAE04EC0-301F-11D3-BF4B-00C04F79EFBC}") = "MVVM_exam_calc", "MVVM_exam_calc\MVVM_exam_calc.csproj", "{16E9145D-0952-4C0D-A0B0-B5C5CB2B4BEF}"
EndProject
Project("{FAE04EC0-301F-11D3-BF4B-00C04F79EFBC}") = "MVVM_exam_calc_Tests", "MVVM_exam_calc_Tests\MVVM_exam_calc_Tests.csproj", "{14C214FD-830A-4515-AA30-63E7EB76792D}"
EndProject
Global
	GlobalSection(SolutionConfigurationPlatforms) = preSolution
		Debug|Any CPU = Debug|Any CPU
		Release|Any CPU = Release|Any CPU
	EndGlobalSection
	GlobalSection(ProjectConfigurationPlatforms) = postSolution
		{9E63DDF0-046F-476B-A78B-E0BD895AEE56}.Debug|Any CPU.ActiveCfg = Debug|Any CPU
		{9E63DDF0-046F-476B-A78B-E0BD895AEE56}.Debug|Any CPU.Build.0 = Debug|Any CPU
		{9E63DDF0-046F-476B-A78B-E0BD895AEE56}.Release|Any CPU.ActiveCfg = Release|Any CPU
		{9E63DDF0-046F-476B-A78B-E0BD895AEE56}.Release|Any CPU.Build.0 = Release|Any CPU
		{16E9145D-0952-4C0D-A0B0-B5C5CB2B4BEF}.Debug|Any CPU.ActiveCfg = Debug|Any CPU
		{16E9145D-0952-4C0D-A0B0-B5C5CB2B4BEF}.Debug|Any CPU.Build.0 = Debug|Any CPU
		{16E9145D-0952-4C0D-A0B0-B5C5CB2B4BEF}.Release|Any CPU.ActiveCfg = Release|Any CPU
		{16E9145D-0952-4C0D-A0B0-B5C5CB2B4BEF}.Release|Any CPU.Build.0 = Release|Any CPU
		{14C214FD-830A-4515-AA30-63E7EB76792D}.Debug|Any CPU.ActiveCfg = Debug|Any CPU
		{14C214FD-830A-4515-AA30-63E7EB76792D}.Debug|Any CPU.Build.0 = Debug|Any CPU
		{14C214FD-830A-4515-AA30-63E7EB76792D}.Release|Any CPU.ActiveCfg = Release|Any CPU
		{14C214FD-830A-4515-AA30-63E7EB76792D}.Release|Any CPU.Build.0 = Release|Any CPU
	EndGlobalSection
	GlobalSection(SolutionProperties) = preSolution
		HideSolutionNode = FALSE
	EndGlobalSection
	GlobalSection(ExtensibilityGlobals) = postSolution
		SolutionGuid = {550D21BD-6545-4B78-B6AC-7BC9CFFF9D6C}
	EndGlobalSection
EndGlobal
